
Microsoft Visual Studio Solution File, Format Version 12.00
# Visual Studio Version 17
VisualStudioVersion = 17.5.33530.505
MinimumVisualStudioVersion = 10.0.40219.1
Project("{FAE04EC0-301F-11D3-BF4B-00C04F79EFBC}") = "ModalModelessPrac", "ModalModelessPrac\ModalModelessPrac.csproj", "{0244C436-252D-4FD4-9D70-203AD638A1A6}"
EndProject
Global
	GlobalSection(SolutionConfigurationPlatforms) = preSolution
		Debug|Any CPU = Debug|Any CPU
		Release|Any CPU = Release|Any CPU
	EndGlobalSection
	GlobalSection(ProjectConfigurationPlatforms) = postSolution
		{0244C436-252D-4FD4-9D70-203AD638A1A6}.Debug|Any CPU.ActiveCfg = Debug|Any CPU
		{0244C436-252D-4FD4-9D70-203AD638A1A6}.Debug|Any CPU.Build.0 = Debug|Any CPU
		{0244C436-252D-4FD4-9D70-203AD638A1A6}.Release|Any CPU.ActiveCfg = Release|Any CPU
		{0244C436-252D-4FD4-9D70-203AD638A1A6}.Release|Any CPU.Build.0 = Release|Any CPU
	EndGlobalSection
	GlobalSection(SolutionProperties) = preSolution
		HideSolutionNode = FALSE
	EndGlobalSection
	GlobalSection(ExtensibilityGlobals) = postSolution
		SolutionGuid = {3ED868F7-C9F6-4F1D-BEA2-30C092CBF438}
	EndGlobalSection
EndGlobal
